
Microsoft Visual Studio Solution File, Format Version 12.00
# Visual Studio Version 17
VisualStudioVersion = 17.5.002.0
MinimumVisualStudioVersion = 10.0.40219.1
Project("{9A19103F-16F7-4668-BE54-9A1E7A4F7556}") = "MetodosConstrutores", "MetodosConstrutores.csproj", "{B8966581-7F96-4B2D-812A-C0436B8EB5A0}"
EndProject
Global
	GlobalSection(SolutionConfigurationPlatforms) = preSolution
		Debug|Any CPU = Debug|Any CPU
		Release|Any CPU = Release|Any CPU
	EndGlobalSection
	GlobalSection(ProjectConfigurationPlatforms) = postSolution
		{B8966581-7F96-4B2D-812A-C0436B8EB5A0}.Debug|Any CPU.ActiveCfg = Debug|Any CPU
		{B8966581-7F96-4B2D-812A-C0436B8EB5A0}.Debug|Any CPU.Build.0 = Debug|Any CPU
		{B8966581-7F96-4B2D-812A-C0436B8EB5A0}.Release|Any CPU.ActiveCfg = Release|Any CPU
		{B8966581-7F96-4B2D-812A-C0436B8EB5A0}.Release|Any CPU.Build.0 = Release|Any CPU
	EndGlobalSection
	GlobalSection(SolutionProperties) = preSolution
		HideSolutionNode = FALSE
	EndGlobalSection
	GlobalSection(ExtensibilityGlobals) = postSolution
		SolutionGuid = {4DD0D14A-9609-44B2-B176-18641D077D3E}
	EndGlobalSection
EndGlobal
